
Microsoft Visual Studio Solution File, Format Version 12.00
# Visual Studio Version 16
VisualStudioVersion = 16.0.31205.134
MinimumVisualStudioVersion = 10.0.40219.1
Project("{2150E333-8FDC-42A3-9474-1A3956D46DE8}") = "src", "src", "{7860A3F4-D105-44B6-9149-FB99E44B0052}"
EndProject
Project("{2150E333-8FDC-42A3-9474-1A3956D46DE8}") = "test", "test", "{ECF39FF7-D34B-4762-B073-ED93EF9494A3}"
EndProject
Project("{2150E333-8FDC-42A3-9474-1A3956D46DE8}") = "Api", "Api", "{2EFBB71C-376D-49A3-AD38-A1A79BA9FD34}"
EndProject
Project("{2150E333-8FDC-42A3-9474-1A3956D46DE8}") = "Core", "Core", "{69234D59-3AE4-4F83-B857-715FEBC7421D}"
EndProject
Project("{2150E333-8FDC-42A3-9474-1A3956D46DE8}") = "Infrastructure", "Infrastructure", "{9FB40BC5-4E75-4459-AE37-B8A192839543}"
EndProject
Project("{FAE04EC0-301F-11D3-BF4B-00C04F79EFBC}") = "MyRentals.Api.Domain", "MyRentals.Api.Domain\MyRentals.Api.Domain.csproj", "{F18A1D9B-C7ED-4AA4-9231-C3C1A920245C}"
EndProject
Project("{FAE04EC0-301F-11D3-BF4B-00C04F79EFBC}") = "MyRentals.Api.Application", "MyRentals.Api.Application\MyRentals.Api.Application.csproj", "{AD3BDF79-2B6C-4562-8ED5-011BA8B856EC}"
EndProject
Global
	GlobalSection(SolutionConfigurationPlatforms) = preSolution
		Debug|Any CPU = Debug|Any CPU
		Release|Any CPU = Release|Any CPU
	EndGlobalSection
	GlobalSection(ProjectConfigurationPlatforms) = postSolution
		{F18A1D9B-C7ED-4AA4-9231-C3C1A920245C}.Debug|Any CPU.ActiveCfg = Debug|Any CPU
		{F18A1D9B-C7ED-4AA4-9231-C3C1A920245C}.Debug|Any CPU.Build.0 = Debug|Any CPU
		{F18A1D9B-C7ED-4AA4-9231-C3C1A920245C}.Release|Any CPU.ActiveCfg = Release|Any CPU
		{F18A1D9B-C7ED-4AA4-9231-C3C1A920245C}.Release|Any CPU.Build.0 = Release|Any CPU
		{AD3BDF79-2B6C-4562-8ED5-011BA8B856EC}.Debug|Any CPU.ActiveCfg = Debug|Any CPU
		{AD3BDF79-2B6C-4562-8ED5-011BA8B856EC}.Debug|Any CPU.Build.0 = Debug|Any CPU
		{AD3BDF79-2B6C-4562-8ED5-011BA8B856EC}.Release|Any CPU.ActiveCfg = Release|Any CPU
		{AD3BDF79-2B6C-4562-8ED5-011BA8B856EC}.Release|Any CPU.Build.0 = Release|Any CPU
	EndGlobalSection
	GlobalSection(SolutionProperties) = preSolution
		HideSolutionNode = FALSE
	EndGlobalSection
	GlobalSection(NestedProjects) = preSolution
		{2EFBB71C-376D-49A3-AD38-A1A79BA9FD34} = {7860A3F4-D105-44B6-9149-FB99E44B0052}
		{69234D59-3AE4-4F83-B857-715FEBC7421D} = {7860A3F4-D105-44B6-9149-FB99E44B0052}
		{9FB40BC5-4E75-4459-AE37-B8A192839543} = {7860A3F4-D105-44B6-9149-FB99E44B0052}
		{F18A1D9B-C7ED-4AA4-9231-C3C1A920245C} = {69234D59-3AE4-4F83-B857-715FEBC7421D}
		{AD3BDF79-2B6C-4562-8ED5-011BA8B856EC} = {69234D59-3AE4-4F83-B857-715FEBC7421D}
	EndGlobalSection
	GlobalSection(ExtensibilityGlobals) = postSolution
		SolutionGuid = {1277FDF3-39A1-4120-8BCB-3E74ED35F2F4}
	EndGlobalSection
EndGlobal
